
Microsoft Visual Studio Solution File, Format Version 12.00
# Visual Studio 15
VisualStudioVersion = 15.0.26403.7
MinimumVisualStudioVersion = 10.0.40219.1
Project("{FAE04EC0-301F-11D3-BF4B-00C04F79EFBC}") = "ConnectFour", "ConnectFour\ConnectFour.csproj", "{C368B0F1-2902-4296-BAE4-55C699A7BAB8}"
EndProject
Project("{FAE04EC0-301F-11D3-BF4B-00C04F79EFBC}") = "ConnectFourTest", "ConnectFourTest\ConnectFourTest.csproj", "{1DF03184-3ED3-43EC-AC28-852B8EDBC299}"
EndProject
Global
	GlobalSection(SolutionConfigurationPlatforms) = preSolution
		Debug|Any CPU = Debug|Any CPU
		Release|Any CPU = Release|Any CPU
	EndGlobalSection
	GlobalSection(ProjectConfigurationPlatforms) = postSolution
		{C368B0F1-2902-4296-BAE4-55C699A7BAB8}.Debug|Any CPU.ActiveCfg = Debug|Any CPU
		{C368B0F1-2902-4296-BAE4-55C699A7BAB8}.Debug|Any CPU.Build.0 = Debug|Any CPU
		{C368B0F1-2902-4296-BAE4-55C699A7BAB8}.Release|Any CPU.ActiveCfg = Release|Any CPU
		{C368B0F1-2902-4296-BAE4-55C699A7BAB8}.Release|Any CPU.Build.0 = Release|Any CPU
		{1DF03184-3ED3-43EC-AC28-852B8EDBC299}.Debug|Any CPU.ActiveCfg = Debug|Any CPU
		{1DF03184-3ED3-43EC-AC28-852B8EDBC299}.Debug|Any CPU.Build.0 = Debug|Any CPU
		{1DF03184-3ED3-43EC-AC28-852B8EDBC299}.Release|Any CPU.ActiveCfg = Release|Any CPU
		{1DF03184-3ED3-43EC-AC28-852B8EDBC299}.Release|Any CPU.Build.0 = Release|Any CPU
	EndGlobalSection
	GlobalSection(SolutionProperties) = preSolution
		HideSolutionNode = FALSE
	EndGlobalSection
EndGlobal
